[[package]]
name = "annotate"
version = "0.1.11"
description = "Python Annotation System Inspired by Java Annotations"
category = "main"
optional = false
python-versions = "^3.8"
develop = false

[package.dependencies]
attribute = {git = "https://github.com/tombulled/attribute.git", tag = "v0.1.4"}

[package.source]
type = "git"
url = "https://github.com/tombulled/annotate.git"
reference = "main"
resolved_reference = "3695f1c3e6285e2de41da36fc9c918b7b9c988bb"

[[package]]
name = "arguments"
version = "0.1.1"
description = ""
category = "main"
optional = false
python-versions = "^3.8"
develop = false

[package.source]
type = "git"
url = "https://github.com/tombulled/arguments.git"
reference = "main"
resolved_reference = "4c570d476a46d19412ffaf25058882fb2f9c2ddc"

[[package]]
name = "attribute"
version = "0.1.4"
description = "Attribute management made easy"
category = "main"
optional = false
python-versions = "^3.8"
develop = false

[package.source]
type = "git"
url = "https://github.com/tombulled/attribute.git"
reference = "v0.1.4"
resolved_reference = "44628fcf4e0e6f855564deb475e702d0c7b7e77a"

[[package]]
name = "concatenate"
version = "0.1.2"
description = "Concatenate two objects of the same type"
category = "main"
optional = false
python-versions = ">=3.8,<4.0"

[package.dependencies]
registrate = ">=0.1.6,<0.2.0"

[[package]]
name = "parse"
version = "1.19.0"
description = "parse() is the opposite of format()"
category = "main"
optional = false
python-versions = "*"

[[package]]
name = "registrate"
version = "0.1.6"
description = "Python object registers. Keep track of your classes, functions and data. "
category = "main"
optional = false
python-versions = ">=3.8,<4.0"

[[package]]
name = "sentinel"
version = "0.1.5"
description = "Implementation of the Sentinel Object Pattern"
category = "main"
optional = false
python-versions = "^3.8"
develop = false

[package.source]
type = "git"
url = "https://github.com/tombulled/sentinel.git"
reference = "main"
resolved_reference = "d46ec948ade431200a36db7603a1b6688d53d7e8"

[metadata]
lock-version = "1.1"
python-versions = "^3.8"
content-hash = "b104fd7bd7de763d6c7cbed86156812694f3872225ae627b6a1018e95fdeb3ab"

[metadata.files]
annotate = []
arguments = []
attribute = []
concatenate = [
    {file = "concatenate-0.1.2-py3-none-any.whl", hash = "sha256:9a3b10a087c131249db7dea1ce249e71c963a38dfe4ebe23e242ab9d7a412754"},
    {file = "concatenate-0.1.2.tar.gz", hash = "sha256:9c42415c680cd67e611369701145b05ee06b1935b3ebe32f4cc66b9bed943096"},
]
parse = [
    {file = "parse-1.19.0.tar.gz", hash = "sha256:9ff82852bcb65d139813e2a5197627a94966245c897796760a3a2a8eb66f020b"},
]
registrate = [
    {file = "registrate-0.1.6-py3-none-any.whl", hash = "sha256:8ed7dda6fd6b6fe29ac22af5473143eb749a622f1e4e3ed7043b5142a0b7db43"},
    {file = "registrate-0.1.6.tar.gz", hash = "sha256:75d375bed963ad4faa02953f8ebdcbed6fa7f78a53f2da1d23ab76b0ae464b8e"},
]
sentinel = []
